
Microsoft Visual Studio Solution File, Format Version 12.00
# Visual Studio 15
VisualStudioVersion = 15.0.27703.2018
MinimumVisualStudioVersion = 10.0.40219.1
Project("{FAE04EC0-301F-11D3-BF4B-00C04F79EFBC}") = "C0_Compiler", "C0_Compiler\C0_Compiler.csproj", "{E82EF0CA-F64B-4AC1-86A3-54B7B2450A05}"
EndProject
Global
	GlobalSection(SolutionConfigurationPlatforms) = preSolution
		Debug|Any CPU = Debug|Any CPU
		Release|Any CPU = Release|Any CPU
	EndGlobalSection
	GlobalSection(ProjectConfigurationPlatforms) = postSolution
		{E82EF0CA-F64B-4AC1-86A3-54B7B2450A05}.Debug|Any CPU.ActiveCfg = Debug|Any CPU
		{E82EF0CA-F64B-4AC1-86A3-54B7B2450A05}.Debug|Any CPU.Build.0 = Debug|Any CPU
		{E82EF0CA-F64B-4AC1-86A3-54B7B2450A05}.Release|Any CPU.ActiveCfg = Release|Any CPU
		{E82EF0CA-F64B-4AC1-86A3-54B7B2450A05}.Release|Any CPU.Build.0 = Release|Any CPU
	EndGlobalSection
	GlobalSection(SolutionProperties) = preSolution
		HideSolutionNode = FALSE
	EndGlobalSection
	GlobalSection(ExtensibilityGlobals) = postSolution
		SolutionGuid = {3980D2E9-71B1-4D26-B457-66D2ADA1E212}
	EndGlobalSection
EndGlobal
